<?xml version="1.0" encoding="utf-8"?>
<Project ToolsVersion="4.0" xmlns="http://schemas.microsoft.com/developer/msbuild/2003">
  <ItemGroup>
    <Filter Include="Game">
      <UniqueIdentifier>{14ba2ee9-cbea-4633-816c-7d41a0d938f8}</UniqueIdentifier>
    </Filter>
    <Filter Include="Editor">
      <UniqueIdentifier>{5dd3ad84-7a28-48ca-a1bb-e0e0cd715f5c}</UniqueIdentifier>
    </Filter>
  </ItemGroup>
  <ItemGroup>
    <ClInclude Include="src\Game\FPS_Controller.h">
      <Filter>Game</Filter>
    </ClInclude>
    <ClInclude Include="src\Editor\Editor.h">
      <Filter>Editor</Filter>
    </ClInclude>
    <ClInclude Include="src\Editor\Hierarchy.h">
      <Filter>Editor</Filter>
    </ClInclude>
    <ClInclude Include="src\Editor\Utilities.h">
      <Filter>Editor</Filter>
    </ClInclude>
  </ItemGroup>
  <ItemGroup>
    <ClCompile Include="src\Source.cpp" />
    <ClCompile Include="src\Game\FPS_Controller.cpp">
      <Filter>Game</Filter>
    </ClCompile>
    <ClCompile Include="src\Editor\Editor.cpp">
      <Filter>Editor</Filter>
    </ClCompile>
    <ClCompile Include="src\Editor\Hierarchy.cpp">
      <Filter>Editor</Filter>
    </ClCompile>
    <ClCompile Include="src\Editor\Utilities.cpp">
      <Filter>Editor</Filter>
    </ClCompile>
  </ItemGroup>
</Project>