<?xml version="1.0" encoding="utf-8"?>
<Project ToolsVersion="4.0" xmlns="http://schemas.microsoft.com/developer/msbuild/2003">
  <ItemGroup>
    <Filter Include="Tools">
      <UniqueIdentifier>{16CF2D0E-82E3-55BF-4B65-F91EB73852F0}</UniqueIdentifier>
    </Filter>
    <Filter Include="Utils">
      <UniqueIdentifier>{F68B420E-62A0-6ABF-2B22-0E1F97F566F0}</UniqueIdentifier>
    </Filter>
  </ItemGroup>
  <ItemGroup>
    <ClInclude Include="src\Camera.h" />
    <ClInclude Include="src\DevTools.h" />
    <ClInclude Include="src\Hierarchy.h" />
    <ClInclude Include="src\Shader.h" />
    <ClInclude Include="src\Tools\PathUtility.h">
      <Filter>Tools</Filter>
    </ClInclude>
    <ClInclude Include="src\Utils\MeshBuilder.h">
      <Filter>Utils</Filter>
    </ClInclude>
    <ClInclude Include="src\Utils\MeshFactory.h">
      <Filter>Utils</Filter>
    </ClInclude>
    <ClInclude Include="src\Utils\ObjLoader.h">
      <Filter>Utils</Filter>
    </ClInclude>
    <ClInclude Include="src\GameSceneManager.h" />
    <ClInclude Include="src\Scene\Dev_Stage.h" />
    <ClInclude Include="src\Scene\Level_1.h" />
    <ClInclude Include="src\Scene\Level_2.h" />
    <ClInclude Include="src\Scene\Level_3.h" />
    <ClInclude Include="src\Scene\Scene.h" />
    <ClInclude Include="src\Physics\BoxCollider.h" />
    <ClInclude Include="src\Physics\Physics.h" />
    <ClInclude Include="src\Physics\SphereCollider.h" />
    <ClInclude Include="src\Physics\Vector.h" />
    <ClInclude Include="src\Physics\VMath.h" />
    <ClInclude Include="src\Game\Health.h" />
    <ClInclude Include="src\Game\PlayerController.h" />
  </ItemGroup>
  <ItemGroup>
    <ClCompile Include="src\Camera.cpp" />
    <ClCompile Include="src\DevTools.cpp" />
    <ClCompile Include="src\Hierarchy.cpp" />
    <ClCompile Include="src\Shader.cpp" />
    <ClCompile Include="src\Source.cpp" />
    <ClCompile Include="src\Tools\PathUtility.cpp">
      <Filter>Tools</Filter>
    </ClCompile>
    <ClCompile Include="src\Utils\ObjLoader.cpp">
      <Filter>Utils</Filter>
    </ClCompile>
    <ClCompile Include="src\GameSceneManager.cpp" />
    <ClCompile Include="src\Scene\Dev_Stage.cpp" />
    <ClCompile Include="src\Scene\Level_1.cpp" />
    <ClCompile Include="src\Scene\Level_2.cpp" />
    <ClCompile Include="src\Scene\Level_3.cpp" />
    <ClCompile Include="src\Scene\Scene.cpp" />
    <ClCompile Include="src\Physics\BoxCollider.cpp" />
    <ClCompile Include="src\Physics\Physics.cpp" />
    <ClCompile Include="src\Physics\SphereCollider.cpp" />
    <ClCompile Include="src\Physics\VMath.cpp" />
    <ClCompile Include="src\Game\Health.cpp" />
    <ClCompile Include="src\Game\PlayerController.cpp" />
  </ItemGroup>
</Project>